
Microsoft Visual Studio Solution File, Format Version 12.00
# Visual Studio 15
VisualStudioVersion = 15.0.28307.779
MinimumVisualStudioVersion = 10.0.40219.1
Project("{FAE04EC0-301F-11D3-BF4B-00C04F79EFBC}") = "CarPooliing", "CarPooliing\CarPooliing.csproj", "{A209B7D6-26F5-4950-AA2E-2403FF022E07}"
EndProject
Project("{FAE04EC0-301F-11D3-BF4B-00C04F79EFBC}") = "CarPooling.Models", "CarPooling.Models\CarPooling.Models.csproj", "{1B309EDA-E755-43EC-BE64-FA2990009712}"
EndProject
Project("{FAE04EC0-301F-11D3-BF4B-00C04F79EFBC}") = "CarPooling.Services", "CarPooling.Services\CarPooling.Services.csproj", "{D8A6F879-410F-4EC8-BFB6-62E88B9C40A2}"
EndProject
Global
	GlobalSection(SolutionConfigurationPlatforms) = preSolution
		Debug|Any CPU = Debug|Any CPU
		Release|Any CPU = Release|Any CPU
	EndGlobalSection
	GlobalSection(ProjectConfigurationPlatforms) = postSolution
		{A209B7D6-26F5-4950-AA2E-2403FF022E07}.Debug|Any CPU.ActiveCfg = Debug|Any CPU
		{A209B7D6-26F5-4950-AA2E-2403FF022E07}.Debug|Any CPU.Build.0 = Debug|Any CPU
		{A209B7D6-26F5-4950-AA2E-2403FF022E07}.Release|Any CPU.ActiveCfg = Release|Any CPU
		{A209B7D6-26F5-4950-AA2E-2403FF022E07}.Release|Any CPU.Build.0 = Release|Any CPU
		{1B309EDA-E755-43EC-BE64-FA2990009712}.Debug|Any CPU.ActiveCfg = Debug|Any CPU
		{1B309EDA-E755-43EC-BE64-FA2990009712}.Debug|Any CPU.Build.0 = Debug|Any CPU
		{1B309EDA-E755-43EC-BE64-FA2990009712}.Release|Any CPU.ActiveCfg = Release|Any CPU
		{1B309EDA-E755-43EC-BE64-FA2990009712}.Release|Any CPU.Build.0 = Release|Any CPU
		{D8A6F879-410F-4EC8-BFB6-62E88B9C40A2}.Debug|Any CPU.ActiveCfg = Debug|Any CPU
		{D8A6F879-410F-4EC8-BFB6-62E88B9C40A2}.Debug|Any CPU.Build.0 = Debug|Any CPU
		{D8A6F879-410F-4EC8-BFB6-62E88B9C40A2}.Release|Any CPU.ActiveCfg = Release|Any CPU
		{D8A6F879-410F-4EC8-BFB6-62E88B9C40A2}.Release|Any CPU.Build.0 = Release|Any CPU
	EndGlobalSection
	GlobalSection(SolutionProperties) = preSolution
		HideSolutionNode = FALSE
	EndGlobalSection
	GlobalSection(ExtensibilityGlobals) = postSolution
		SolutionGuid = {08417FB5-6CC3-481E-9CB5-07322045E4FE}
	EndGlobalSection
EndGlobal
